// !$*UTF8*$!
{
	archiveVersion = 1;
	classes = {
	};
	objectVersion = 56;
	objects = {

/* Begin PBXBuildFile section */
		623CEE0B2A9F1F5400B4C75B /* CoreDataMVVMApp.swift in Sources */ = {isa = PBXBuildFile; fileRef = 623CEE0A2A9F1F5400B4C75B /* CoreDataMVVMApp.swift */; };
		623CEE0D2A9F1F5400B4C75B /* ContentView.swift in Sources */ = {isa = PBXBuildFile; fileRef = 623CEE0C2A9F1F5400B4C75B /* ContentView.swift */; };
		623CEE0F2A9F1F5500B4C75B /* Assets.xcassets in Resources */ = {isa = PBXBuildFile; fileRef = 623CEE0E2A9F1F5500B4C75B /* Assets.xcassets */; };
		623CEE122A9F1F5500B4C75B /* Preview Assets.xcassets in Resources */ = {isa = PBXBuildFile; fileRef = 623CEE112A9F1F5500B4C75B /* Preview Assets.xcassets */; };
		623CEE192A9F1F9D00B4C75B /* CoreDataManager.swift in Sources */ = {isa = PBXBuildFile; fileRef = 623CEE182A9F1F9D00B4C75B /* CoreDataManager.swift */; };
		623CEE1C2A9F210E00B4C75B /* ToDoAppModel.xcdatamodeld in Sources */ = {isa = PBXBuildFile; fileRef = 623CEE1A2A9F210E00B4C75B /* ToDoAppModel.xcdatamodeld */; };
		623CEE1F2A9F21F800B4C75B /* TaskListViewModel.swift in Sources */ = {isa = PBXBuildFile; fileRef = 623CEE1E2A9F21F800B4C75B /* TaskListViewModel.swift */; };
		623CEE222A9F43C100B4C75B /* SQLite in Frameworks */ = {isa = PBXBuildFile; productRef = 623CEE212A9F43C100B4C75B /* SQLite */; };
/* End PBXBuildFile section */

/* Begin PBXFileReference section */
		623CEE072A9F1F5400B4C75B /* CoreDataMVVM.app */ = {isa = PBXFileReference; explicitFileType = wrapper.application; includeInIndex = 0; path = CoreDataMVVM.app; sourceTree = BUILT_PRODUCTS_DIR; };
		623CEE0A2A9F1F5400B4C75B /* CoreDataMVVMApp.swift */ = {isa = PBXFileReference; lastKnownFileType = sourcecode.swift; path = CoreDataMVVMApp.swift; sourceTree = "<group>"; };
		623CEE0C2A9F1F5400B4C75B /* ContentView.swift */ = {isa = PBXFileReference; lastKnownFileType = sourcecode.swift; path = ContentView.swift; sourceTree = "<group>"; };
		623CEE0E2A9F1F5500B4C75B /* Assets.xcassets */ = {isa = PBXFileReference; lastKnownFileType = folder.assetcatalog; path = Assets.xcassets; sourceTree = "<group>"; };
		623CEE112A9F1F5500B4C75B /* Preview Assets.xcassets */ = {isa = PBXFileReference; lastKnownFileType = folder.assetcatalog; path = "Preview Assets.xcassets"; sourceTree = "<group>"; };
		623CEE182A9F1F9D00B4C75B /* CoreDataManager.swift */ = {isa = PBXFileReference; lastKnownFileType = sourcecode.swift; path = CoreDataManager.swift; sourceTree = "<group>"; };
		623CEE1B2A9F210E00B4C75B /* ToDoAppModel.xcdatamodel */ = {isa = PBXFileReference; lastKnownFileType = wrapper.xcdatamodel; path = ToDoAppModel.xcdatamodel; sourceTree = "<group>"; };
		623CEE1E2A9F21F800B4C75B /* TaskListViewModel.swift */ = {isa = PBXFileReference; lastKnownFileType = sourcecode.swift; path = TaskListViewModel.swift; sourceTree = "<group>"; };
/* End PBXFileReference section */

/* Begin PBXFrameworksBuildPhase section */
		623CEE042A9F1F5400B4C75B /* Frameworks */ = {
			isa = PBXFrameworksBuildPhase;
			buildActionMask = 2147483647;
			files = (
				623CEE222A9F43C100B4C75B /* SQLite in Frameworks */,
			);
			runOnlyForDeploymentPostprocessing = 0;
		};
/* End PBXFrameworksBuildPhase section */

/* Begin PBXGroup section */
		623CEDFE2A9F1F5400B4C75B = {
			isa = PBXGroup;
			children = (
				623CEE092A9F1F5400B4C75B /* CoreDataMVVM */,
				623CEE082A9F1F5400B4C75B /* Products */,
			);
			sourceTree = "<group>";
		};
		623CEE082A9F1F5400B4C75B /* Products */ = {
			isa = PBXGroup;
			children = (
				623CEE072A9F1F5400B4C75B /* CoreDataMVVM.app */,
			);
			name = Products;
			sourceTree = "<group>";
		};
		623CEE092A9F1F5400B4C75B /* CoreDataMVVM */ = {
			isa = PBXGroup;
			children = (
				623CEE1D2A9F21E600B4C75B /* View Models */,
				623CEE0A2A9F1F5400B4C75B /* CoreDataMVVMApp.swift */,
				623CEE0C2A9F1F5400B4C75B /* ContentView.swift */,
				623CEE0E2A9F1F5500B4C75B /* Assets.xcassets */,
				623CEE102A9F1F5500B4C75B /* Preview Content */,
				623CEE182A9F1F9D00B4C75B /* CoreDataManager.swift */,
				623CEE1A2A9F210E00B4C75B /* ToDoAppModel.xcdatamodeld */,
			);
			path = CoreDataMVVM;
			sourceTree = "<group>";
		};
		623CEE102A9F1F5500B4C75B /* Preview Content */ = {
			isa = PBXGroup;
			children = (
				623CEE112A9F1F5500B4C75B /* Preview Assets.xcassets */,
			);
			path = "Preview Content";
			sourceTree = "<group>";
		};
		623CEE1D2A9F21E600B4C75B /* View Models */ = {
			isa = PBXGroup;
			children = (
				623CEE1E2A9F21F800B4C75B /* TaskListViewModel.swift */,
			);
			path = "View Models";
			sourceTree = "<group>";
		};
/* End PBXGroup section */

/* Begin PBXNativeTarget section */
		623CEE062A9F1F5400B4C75B /* CoreDataMVVM */ = {
			isa = PBXNativeTarget;
			buildConfigurationList = 623CEE152A9F1F5500B4C75B /* Build configuration list for PBXNativeTarget "CoreDataMVVM" */;
			buildPhases = (
				623CEE032A9F1F5400B4C75B /* Sources */,
				623CEE042A9F1F5400B4C75B /* Frameworks */,
				623CEE052A9F1F5400B4C75B /* Resources */,
			);
			buildRules = (
			);
			dependencies = (
			);
			name = CoreDataMVVM;
			packageProductDependencies = (
				623CEE212A9F43C100B4C75B /* SQLite */,
			);
			productName = CoreDataMVVM;
			productReference = 623CEE072A9F1F5400B4C75B /* CoreDataMVVM.app */;
			productType = "com.apple.product-type.application";
		};
/* End PBXNativeTarget section */

/* Begin PBXProject section */
		623CEDFF2A9F1F5400B4C75B /* Project object */ = {
			isa = PBXProject;
			attributes = {
				BuildIndependentTargetsInParallel = 1;
				LastSwiftUpdateCheck = 1430;
				LastUpgradeCheck = 1430;
				TargetAttributes = {
					623CEE062A9F1F5400B4C75B = {
						CreatedOnToolsVersion = 14.3;
					};
				};
			};
			buildConfigurationList = 623CEE022A9F1F5400B4C75B /* Build configuration list for PBXProject "CoreDataMVVM" */;
			compatibilityVersion = "Xcode 14.0";
			developmentRegion = en;
			hasScannedForEncodings = 0;
			knownRegions = (
				en,
				Base,
			);
			mainGroup = 623CEDFE2A9F1F5400B4C75B;
			packageReferences = (
				623CEE202A9F43C100B4C75B /* XCRemoteSwiftPackageReference "SQLite.swift" */,
			);
			productRefGroup = 623CEE082A9F1F5400B4C75B /* Products */;
			projectDirPath = "";
			projectRoot = "";
			targets = (
				623CEE062A9F1F5400B4C75B /* CoreDataMVVM */,
			);
		};
/* End PBXProject section */

/* Begin PBXResourcesBuildPhase section */
		623CEE052A9F1F5400B4C75B /* Resources */ = {
			isa = PBXResourcesBuildPhase;
			buildActionMask = 2147483647;
			files = (
				623CEE122A9F1F5500B4C75B /* Preview Assets.xcassets in Resources */,
				623CEE0F2A9F1F5500B4C75B /* Assets.xcassets in Resources */,
			);
			runOnlyForDeploymentPostprocessing = 0;
		};
/* End PBXResourcesBuildPhase section */

/* Begin PBXSourcesBuildPhase section */
		623CEE032A9F1F5400B4C75B /* Sources */ = {
			isa = PBXSourcesBuildPhase;
			buildActionMask = 2147483647;
			files = (
				623CEE192A9F1F9D00B4C75B /* CoreDataManager.swift in Sources */,
				623CEE1C2A9F210E00B4C75B /* ToDoAppModel.xcdatamodeld in Sources */,
				623CEE1F2A9F21F800B4C75B /* TaskListViewModel.swift in Sources */,
				623CEE0D2A9F1F5400B4C75B /* ContentView.swift in Sources */,
				623CEE0B2A9F1F5400B4C75B /* CoreDataMVVMApp.swift in Sources */,
			);
			runOnlyForDeploymentPostprocessing = 0;
		};
/* End PBXSourcesBuildPhase section */

/* Begin XCBuildConfiguration section */
		623CEE132A9F1F5500B4C75B /* Debug */ = {
			isa = XCBuildConfiguration;
			buildSettings = {
				ALWAYS_SEARCH_USER_PATHS = NO;
				CLANG_ANALYZER_NONNULL = YES;
				CLANG_ANALYZER_NUMBER_OBJECT_CONVERSION = YES_AGGRESSIVE;
				CLANG_CXX_LANGUAGE_STANDARD = "gnu++20";
				CLANG_ENABLE_MODULES = YES;
				CLANG_ENABLE_OBJC_ARC = YES;
				CLANG_ENABLE_OBJC_WEAK = YES;
				CLANG_WARN_BLOCK_CAPTURE_AUTORELEASING = YES;
				CLANG_WARN_BOOL_CONVERSION = YES;
				CLANG_WARN_COMMA = YES;
				CLANG_WARN_CONSTANT_CONVERSION = YES;
				CLANG_WARN_DEPRECATED_OBJC_IMPLEMENTATIONS = YES;
				CLANG_WARN_DIRECT_OBJC_ISA_USAGE = YES_ERROR;
				CLANG_WARN_DOCUMENTATION_COMMENTS = YES;
				CLANG_WARN_EMPTY_BODY = YES;
				CLANG_WARN_ENUM_CONVERSION = YES;
				CLANG_WARN_INFINITE_RECURSION = YES;
				CLANG_WARN_INT_CONVERSION = YES;
				CLANG_WARN_NON_LITERAL_NULL_CONVERSION = YES;
				CLANG_WARN_OBJC_IMPLICIT_RETAIN_SELF = YES;
				CLANG_WARN_OBJC_LITERAL_CONVERSION = YES;
				CLANG_WARN_OBJC_ROOT_CLASS = YES_ERROR;
				CLANG_WARN_QUOTED_INCLUDE_IN_FRAMEWORK_HEADER = YES;
				CLANG_WARN_RANGE_LOOP_ANALYSIS = YES;
				CLANG_WARN_STRICT_PROTOTYPES = YES;
				CLANG_WARN_SUSPICIOUS_MOVE = YES;
				CLANG_WARN_UNGUARDED_AVAILABILITY = YES_AGGRESSIVE;
				CLANG_WARN_UNREACHABLE_CODE = YES;
				CLANG_WARN__DUPLICATE_METHOD_MATCH = YES;
				COPY_PHASE_STRIP = NO;
				DEBUG_INFORMATION_FORMAT = dwarf;
				ENABLE_STRICT_OBJC_MSGSEND = YES;
				ENABLE_TESTABILITY = YES;
				GCC_C_LANGUAGE_STANDARD = gnu11;
				GCC_DYNAMIC_NO_PIC = NO;
				GCC_NO_COMMON_BLOCKS = YES;
				GCC_OPTIMIZATION_LEVEL = 0;
				GCC_PREPROCESSOR_DEFINITIONS = (
					"DEBUG=1",
					"$(inherited)",
				);
				GCC_WARN_64_TO_32_BIT_CONVERSION = YES;
				GCC_WARN_ABOUT_RETURN_TYPE = YES_ERROR;
				GCC_WARN_UNDECLARED_SELECTOR = YES;
				GCC_WARN_UNINITIALIZED_AUTOS = YES_AGGRESSIVE;
				GCC_WARN_UNUSED_FUNCTION = YES;
				GCC_WARN_UNUSED_VARIABLE = YES;
				IPHONEOS_DEPLOYMENT_TARGET = 16.4;
				MTL_ENABLE_DEBUG_INFO = INCLUDE_SOURCE;
				MTL_FAST_MATH = YES;
				ONLY_ACTIVE_ARCH = YES;
				SDKROOT = iphoneos;
				SWIFT_ACTIVE_COMPILATION_CONDITIONS = DEBUG;
				SWIFT_OPTIMIZATION_LEVEL = "-Onone";
			};
			name = Debug;
		};
		623CEE142A9F1F5500B4C75B /* Release */ = {
			isa = XCBuildConfiguration;
			buildSettings = {
				ALWAYS_SEARCH_USER_PATHS = NO;
				CLANG_ANALYZER_NONNULL = YES;
				CLANG_ANALYZER_NUMBER_OBJECT_CONVERSION = YES_AGGRESSIVE;
				CLANG_CXX_LANGUAGE_STANDARD = "gnu++20";
				CLANG_ENABLE_MODULES = YES;
				CLANG_ENABLE_OBJC_ARC = YES;
				CLANG_ENABLE_OBJC_WEAK = YES;
				CLANG_WARN_BLOCK_CAPTURE_AUTORELEASING = YES;
				CLANG_WARN_BOOL_CONVERSION = YES;
				CLANG_WARN_COMMA = YES;
				CLANG_WARN_CONSTANT_CONVERSION = YES;
				CLANG_WARN_DEPRECATED_OBJC_IMPLEMENTATIONS = YES;
				CLANG_WARN_DIRECT_OBJC_ISA_USAGE = YES_ERROR;
				CLANG_WARN_DOCUMENTATION_COMMENTS = YES;
				CLANG_WARN_EMPTY_BODY = YES;
				CLANG_WARN_ENUM_CONVERSION = YES;
				CLANG_WARN_INFINITE_RECURSION = YES;
				CLANG_WARN_INT_CONVERSION = YES;
				CLANG_WARN_NON_LITERAL_NULL_CONVERSION = YES;
				CLANG_WARN_OBJC_IMPLICIT_RETAIN_SELF = YES;
				CLANG_WARN_OBJC_LITERAL_CONVERSION = YES;
				CLANG_WARN_OBJC_ROOT_CLASS = YES_ERROR;
				CLANG_WARN_QUOTED_INCLUDE_IN_FRAMEWORK_HEADER = YES;
				CLANG_WARN_RANGE_LOOP_ANALYSIS = YES;
				CLANG_WARN_STRICT_PROTOTYPES = YES;
				CLANG_WARN_SUSPICIOUS_MOVE = YES;
				CLANG_WARN_UNGUARDED_AVAILABILITY = YES_AGGRESSIVE;
				CLANG_WARN_UNREACHABLE_CODE = YES;
				CLANG_WARN__DUPLICATE_METHOD_MATCH = YES;
				COPY_PHASE_STRIP = NO;
				DEBUG_INFORMATION_FORMAT = "dwarf-with-dsym";
				ENABLE_NS_ASSERTIONS = NO;
				ENABLE_STRICT_OBJC_MSGSEND = YES;
				GCC_C_LANGUAGE_STANDARD = gnu11;
				GCC_NO_COMMON_BLOCKS = YES;
				GCC_WARN_64_TO_32_BIT_CONVERSION = YES;
				GCC_WARN_ABOUT_RETURN_TYPE = YES_ERROR;
				GCC_WARN_UNDECLARED_SELECTOR = YES;
				GCC_WARN_UNINITIALIZED_AUTOS = YES_AGGRESSIVE;
				GCC_WARN_UNUSED_FUNCTION = YES;
				GCC_WARN_UNUSED_VARIABLE = YES;
				IPHONEOS_DEPLOYMENT_TARGET = 16.4;
				MTL_ENABLE_DEBUG_INFO = NO;
				MTL_FAST_MATH = YES;
				SDKROOT = iphoneos;
				SWIFT_COMPILATION_MODE = wholemodule;
				SWIFT_OPTIMIZATION_LEVEL = "-O";
				VALIDATE_PRODUCT = YES;
			};
			name = Release;
		};
		623CEE162A9F1F5500B4C75B /* Debug */ = {
			isa = XCBuildConfiguration;
			buildSettings = {
				ASSETCATALOG_COMPILER_APPICON_NAME = AppIcon;
				ASSETCATALOG_COMPILER_GLOBAL_ACCENT_COLOR_NAME = AccentColor;
				CODE_SIGN_STYLE = Automatic;
				CURRENT_PROJECT_VERSION = 1;
				DEVELOPMENT_ASSET_PATHS = "\"CoreDataMVVM/Preview Content\"";
				DEVELOPMENT_TEAM = YT2ARWM4PW;
				ENABLE_PREVIEWS = YES;
				GENERATE_INFOPLIST_FILE = YES;
				INFOPLIST_KEY_UIApplicationSceneManifest_Generation = YES;
				INFOPLIST_KEY_UIApplicationSupportsIndirectInputEvents = YES;
				INFOPLIST_KEY_UILaunchScreen_Generation = YES;
				INFOPLIST_KEY_UISupportedInterfaceOrientations_iPad = "UIInterfaceOrientationPortrait UIInterfaceOrientationPortraitUpsideDown UIInterfaceOrientationLandscapeLeft UIInterfaceOrientationLandscapeRight";
				INFOPLIST_KEY_UISupportedInterfaceOrientations_iPhone = "UIInterfaceOrientationPortrait UIInterfaceOrientationLandscapeLeft UIInterfaceOrientationLandscapeRight";
				LD_RUNPATH_SEARCH_PATHS = (
					"$(inherited)",
					"@executable_path/Frameworks",
				);
				MARKETING_VERSION = 1.0;
				PRODUCT_BUNDLE_IDENTIFIER = com.codding.CoreDataMVVM;
				PRODUCT_NAME = "$(TARGET_NAME)";
				SWIFT_EMIT_LOC_STRINGS = YES;
				SWIFT_VERSION = 5.0;
				TARGETED_DEVICE_FAMILY = "1,2";
			};
			name = Debug;
		};
		623CEE172A9F1F5500B4C75B /* Release */ = {
			isa = XCBuildConfiguration;
			buildSettings = {
				ASSETCATALOG_COMPILER_APPICON_NAME = AppIcon;
				ASSETCATALOG_COMPILER_GLOBAL_ACCENT_COLOR_NAME = AccentColor;
				CODE_SIGN_STYLE = Automatic;
				CURRENT_PROJECT_VERSION = 1;
				DEVELOPMENT_ASSET_PATHS = "\"CoreDataMVVM/Preview Content\"";
				DEVELOPMENT_TEAM = YT2ARWM4PW;
				ENABLE_PREVIEWS = YES;
				GENERATE_INFOPLIST_FILE = YES;
				INFOPLIST_KEY_UIApplicationSceneManifest_Generation = YES;
				INFOPLIST_KEY_UIApplicationSupportsIndirectInputEvents = YES;
				INFOPLIST_KEY_UILaunchScreen_Generation = YES;
				INFOPLIST_KEY_UISupportedInterfaceOrientations_iPad = "UIInterfaceOrientationPortrait UIInterfaceOrientationPortraitUpsideDown UIInterfaceOrientationLandscapeLeft UIInterfaceOrientationLandscapeRight";
				INFOPLIST_KEY_UISupportedInterfaceOrientations_iPhone = "UIInterfaceOrientationPortrait UIInterfaceOrientationLandscapeLeft UIInterfaceOrientationLandscapeRight";
				LD_RUNPATH_SEARCH_PATHS = (
					"$(inherited)",
					"@executable_path/Frameworks",
				);
				MARKETING_VERSION = 1.0;
				PRODUCT_BUNDLE_IDENTIFIER = com.codding.CoreDataMVVM;
				PRODUCT_NAME = "$(TARGET_NAME)";
				SWIFT_EMIT_LOC_STRINGS = YES;
				SWIFT_VERSION = 5.0;
				TARGETED_DEVICE_FAMILY = "1,2";
			};
			name = Release;
		};
/* End XCBuildConfiguration section */

/* Begin XCConfigurationList section */
		623CEE022A9F1F5400B4C75B /* Build configuration list for PBXProject "CoreDataMVVM" */ = {
			isa = XCConfigurationList;
			buildConfigurations = (
				623CEE132A9F1F5500B4C75B /* Debug */,
				623CEE142A9F1F5500B4C75B /* Release */,
			);
			defaultConfigurationIsVisible = 0;
			defaultConfigurationName = Release;
		};
		623CEE152A9F1F5500B4C75B /* Build configuration list for PBXNativeTarget "CoreDataMVVM" */ = {
			isa = XCConfigurationList;
			buildConfigurations = (
				623CEE162A9F1F5500B4C75B /* Debug */,
				623CEE172A9F1F5500B4C75B /* Release */,
			);
			defaultConfigurationIsVisible = 0;
			defaultConfigurationName = Release;
		};
/* End XCConfigurationList section */

/* Begin XCRemoteSwiftPackageReference section */
		623CEE202A9F43C100B4C75B /* XCRemoteSwiftPackageReference "SQLite.swift" */ = {
			isa = XCRemoteSwiftPackageReference;
			repositoryURL = "https://github.com/stephencelis/SQLite.swift.git";
			requirement = {
				kind = upToNextMajorVersion;
				minimumVersion = 0.14.1;
			};
		};
/* End XCRemoteSwiftPackageReference section */

/* Begin XCSwiftPackageProductDependency section */
		623CEE212A9F43C100B4C75B /* SQLite */ = {
			isa = XCSwiftPackageProductDependency;
			package = 623CEE202A9F43C100B4C75B /* XCRemoteSwiftPackageReference "SQLite.swift" */;
			productName = SQLite;
		};
/* End XCSwiftPackageProductDependency section */

/* Begin XCVersionGroup section */
		623CEE1A2A9F210E00B4C75B /* ToDoAppModel.xcdatamodeld */ = {
			isa = XCVersionGroup;
			children = (
				623CEE1B2A9F210E00B4C75B /* ToDoAppModel.xcdatamodel */,
			);
			currentVersion = 623CEE1B2A9F210E00B4C75B /* ToDoAppModel.xcdatamodel */;
			path = ToDoAppModel.xcdatamodeld;
			sourceTree = "<group>";
			versionGroupType = wrapper.xcdatamodel;
		};
/* End XCVersionGroup section */
	};
	rootObject = 623CEDFF2A9F1F5400B4C75B /* Project object */;
}
